
Microsoft Visual Studio Solution File, Format Version 12.00
# Visual Studio 15
VisualStudioVersion = 15.0.28307.2017
MinimumVisualStudioVersion = 10.0.40219.1
Project("{F184B08F-C81C-45F6-A57F-5ABD9991F28F}") = "iceskatingrink1", "iceskatingrink1\iceskatingrink1.vbproj", "{30FAB163-C4B6-4F14-9DD6-76914939C4F8}"
EndProject
Global
	GlobalSection(SolutionConfigurationPlatforms) = preSolution
		Debug|Any CPU = Debug|Any CPU
		Release|Any CPU = Release|Any CPU
	EndGlobalSection
	GlobalSection(ProjectConfigurationPlatforms) = postSolution
		{30FAB163-C4B6-4F14-9DD6-76914939C4F8}.Debug|Any CPU.ActiveCfg = Debug|Any CPU
		{30FAB163-C4B6-4F14-9DD6-76914939C4F8}.Debug|Any CPU.Build.0 = Debug|Any CPU
		{30FAB163-C4B6-4F14-9DD6-76914939C4F8}.Release|Any CPU.ActiveCfg = Release|Any CPU
		{30FAB163-C4B6-4F14-9DD6-76914939C4F8}.Release|Any CPU.Build.0 = Release|Any CPU
	EndGlobalSection
	GlobalSection(SolutionProperties) = preSolution
		HideSolutionNode = FALSE
	EndGlobalSection
	GlobalSection(ExtensibilityGlobals) = postSolution
		SolutionGuid = {CBAB5AB5-0FD5-40A9-AFD5-A2840643ECB3}
	EndGlobalSection
EndGlobal
